<?xml version="1.0" encoding="utf-8"?>
<Project ToolsVersion="4.0" xmlns="http://schemas.microsoft.com/developer/msbuild/2003">
  <ItemGroup>
    <Filter Include="Source Files">
      <UniqueIdentifier>{4FC737F1-C7A5-4376-A066-2A32D752A2FF}</UniqueIdentifier>
      <Extensions>cpp;cxx;c;def</Extensions>
    </Filter>
    <Filter Include="Header Files">
      <UniqueIdentifier>{93995380-89BD-4b04-88EB-625FBE52EBFB}</UniqueIdentifier>
      <Extensions>h</Extensions>
    </Filter>
    <Filter Include="Form Files">
      <UniqueIdentifier>{99349809-55BA-4b9d-BF79-8FDBB0286EB3}</UniqueIdentifier>
      <Extensions>ui</Extensions>
    </Filter>
    <Filter Include="Resource Files">
      <UniqueIdentifier>{D9D6E242-F8AF-46E4-B9FD-80ECBC20BA3E}</UniqueIdentifier>
      <Extensions>qrc;*</Extensions>
      <ParseFiles>false</ParseFiles>
    </Filter>
    <Filter Include="Generated Files">
      <UniqueIdentifier>{71ED8ED8-ACB9-4CE9-BBE1-E00B30144E11}</UniqueIdentifier>
      <Extensions>moc;h;cpp</Extensions>
      <SourceControlFiles>False</SourceControlFiles>
    </Filter>
    <Filter Include="Generated Files\Debug">
      <UniqueIdentifier>{f3080c08-e63b-4241-94c5-80568b994830}</UniqueIdentifier>
      <Extensions>cpp;moc</Extensions>
      <SourceControlFiles>False</SourceControlFiles>
    </Filter>
    <Filter Include="Generated Files\Release">
      <UniqueIdentifier>{76b11e5d-77b6-474b-912b-7a99fb146ec0}</UniqueIdentifier>
      <Extensions>cpp;moc</Extensions>
      <SourceControlFiles>False</SourceControlFiles>
    </Filter>
    <Filter Include="language">
      <UniqueIdentifier>{8e8b847d-b27b-4f8a-94df-b53bb67c593a}</UniqueIdentifier>
    </Filter>
  </ItemGroup>
  <ItemGroup>
    <ClCompile Include="main.cpp">
      <Filter>Source Files</Filter>
    </ClCompile>
    <ClCompile Include="eloamprint.cpp">
      <Filter>Source Files</Filter>
    </ClCompile>
    <ClCompile Include="GeneratedFiles\Debug\moc_eloamprint.cpp">
      <Filter>Generated Files\Debug</Filter>
    </ClCompile>
    <ClCompile Include="GeneratedFiles\Release\moc_eloamprint.cpp">
      <Filter>Generated Files\Release</Filter>
    </ClCompile>
    <ClCompile Include="GeneratedFiles\qrc_eloamprint.cpp">
      <Filter>Generated Files</Filter>
    </ClCompile>
    <ClCompile Include="language\language.cpp">
      <Filter>language</Filter>
    </ClCompile>
    <ClCompile Include="language\tinystr.cpp">
      <Filter>language</Filter>
    </ClCompile>
    <ClCompile Include="language\tinyxml.cpp">
      <Filter>language</Filter>
    </ClCompile>
    <ClCompile Include="language\tinyxmlerror.cpp">
      <Filter>language</Filter>
    </ClCompile>
    <ClCompile Include="language\tinyxmlparser.cpp">
      <Filter>language</Filter>
    </ClCompile>
  </ItemGroup>
  <ItemGroup>
    <CustomBuild Include="eloamprint.h">
      <Filter>Header Files</Filter>
    </CustomBuild>
    <CustomBuild Include="eloamprint.qrc">
      <Filter>Resource Files</Filter>
    </CustomBuild>
    <CustomBuild Include="eloamprint.ui">
      <Filter>Form Files</Filter>
    </CustomBuild>
    <CustomBuild Include="PrintConfigDlg.ui">
      <Filter>Form Files</Filter>
    </CustomBuild>
  </ItemGroup>
  <ItemGroup>
    <ClInclude Include="GeneratedFiles\ui_eloamprint.h">
      <Filter>Generated Files</Filter>
    </ClInclude>
    <ClInclude Include="GeneratedFiles\ui_PrintConfigDlg.h">
      <Filter>Generated Files</Filter>
    </ClInclude>
    <ClInclude Include="StdAfx.h">
      <Filter>Header Files</Filter>
    </ClInclude>
    <ClInclude Include="resource.h">
      <Filter>Header Files</Filter>
    </ClInclude>
    <ClInclude Include="resource1.h">
      <Filter>Header Files</Filter>
    </ClInclude>
  </ItemGroup>
  <ItemGroup>
    <ResourceCompile Include="EloamPrint.rc" />
  </ItemGroup>
  <ItemGroup>
    <None Include="png1.png" />
    <None Include="Resources\pic\printpreview.png" />
  </ItemGroup>
</Project>